{
  "nodes": {
    "flake-utils": {
      "locked": {
        "lastModified": 1637014545,
        "narHash": "sha256-26IZAc5yzlD9FlDT54io1oqG/bBoyka+FJk5guaX4x4=",
        "owner": "numtide",
        "repo": "flake-utils",
        "rev": "bba5dcc8e0b20ab664967ad83d24d64cb64ec4f4",
        "type": "github"
      },
      "original": {
        "owner": "numtide",
        "repo": "flake-utils",
        "type": "github"
      }
    },
    "flake-utils_2": {
      "locked": {
        "lastModified": 1659877975,
        "narHash": "sha256-zllb8aq3YO3h8B/U0/J1WBgAL8EX5yWf5pMj3G0NAmc=",
        "owner": "numtide",
        "repo": "flake-utils",
        "rev": "c0e246b9b83f637f4681389ecabcb2681b4f3af0",
        "type": "github"
      },
      "original": {
        "owner": "numtide",
        "repo": "flake-utils",
        "type": "github"
      }
    },
    "md-headerfmt": {
      "inputs": {
        "flake-utils": "flake-utils_2",
        "nixpkgs": [
          "nixpkgs"
        ]
      },
      "locked": {
        "lastModified": 1661493581,
        "narHash": "sha256-GqRs2FKU92KTQ46ixolY5P+sv0+t63K3Hf7S/ry1HB0=",
        "owner": "jonascarpay",
        "repo": "md-headerfmt",
        "rev": "19493da3440f02f768ab4b369ccd1d469de96190",
        "type": "github"
      },
      "original": {
        "owner": "jonascarpay",
        "repo": "md-headerfmt",
        "type": "github"
      }
    },
    "nixpkgs": {
      "locked": {
        "lastModified": 1637875414,
        "narHash": "sha256-Ica++SXFuLyxX9Q7YxhfZulUif6/gwM8AEQYlUxqSgE=",
        "path": "/nix/store/h7f8ffqk8a3lxbjmv8d97r913993ikcd-source",
        "rev": "3bea86e918d8b54aa49780505d2d4cd9261413be",
        "type": "path"
      },
      "original": {
        "id": "nixpkgs",
        "type": "indirect"
      }
    },
    "root": {
      "inputs": {
        "flake-utils": "flake-utils",
        "md-headerfmt": "md-headerfmt",
        "nixpkgs": "nixpkgs"
      }
    }
  },
  "root": "root",
  "version": 7
}
